
Microsoft Visual Studio Solution File, Format Version 12.00
# Visual Studio Version 16
VisualStudioVersion = 16.0.30804.86
MinimumVisualStudioVersion = 10.0.40219.1
Project("{9A19103F-16F7-4668-BE54-9A1E7A4F7556}") = "BlogEngine", "BlogEngine\BlogEngine.csproj", "{3AA7A27A-63B9-499E-822A-47D48CE52D58}"
EndProject
Project("{9A19103F-16F7-4668-BE54-9A1E7A4F7556}") = "BlogEngine.Service", "BlogEngine.Service\BlogEngine.Service.csproj", "{F8A788B1-30C0-437B-A008-42605A544738}"
EndProject
Project("{9A19103F-16F7-4668-BE54-9A1E7A4F7556}") = "BlogEngine.DataAccess", "BlogEngine.DataAccess\BlogEngine.DataAccess.csproj", "{65E11001-492C-46BB-A4E7-DF4F66B24B04}"
EndProject
Project("{9A19103F-16F7-4668-BE54-9A1E7A4F7556}") = "BlogEngine.Model", "BlogEngine.Model\BlogEngine.Model.csproj", "{D9F8FAB0-7831-4ECF-B5AC-409FC845BD15}"
EndProject
Project("{FAE04EC0-301F-11D3-BF4B-00C04F79EFBC}") = "BlogEngine.ServiceTests", "BlogEngine.ServiceTests\BlogEngine.ServiceTests.csproj", "{82F0946A-591A-45B8-B03C-94DCE2FF4ECF}"
EndProject
Global
	GlobalSection(SolutionConfigurationPlatforms) = preSolution
		Debug|Any CPU = Debug|Any CPU
		Release|Any CPU = Release|Any CPU
	EndGlobalSection
	GlobalSection(ProjectConfigurationPlatforms) = postSolution
		{3AA7A27A-63B9-499E-822A-47D48CE52D58}.Debug|Any CPU.ActiveCfg = Debug|Any CPU
		{3AA7A27A-63B9-499E-822A-47D48CE52D58}.Debug|Any CPU.Build.0 = Debug|Any CPU
		{3AA7A27A-63B9-499E-822A-47D48CE52D58}.Release|Any CPU.ActiveCfg = Release|Any CPU
		{3AA7A27A-63B9-499E-822A-47D48CE52D58}.Release|Any CPU.Build.0 = Release|Any CPU
		{F8A788B1-30C0-437B-A008-42605A544738}.Debug|Any CPU.ActiveCfg = Debug|Any CPU
		{F8A788B1-30C0-437B-A008-42605A544738}.Debug|Any CPU.Build.0 = Debug|Any CPU
		{F8A788B1-30C0-437B-A008-42605A544738}.Release|Any CPU.ActiveCfg = Release|Any CPU
		{F8A788B1-30C0-437B-A008-42605A544738}.Release|Any CPU.Build.0 = Release|Any CPU
		{65E11001-492C-46BB-A4E7-DF4F66B24B04}.Debug|Any CPU.ActiveCfg = Debug|Any CPU
		{65E11001-492C-46BB-A4E7-DF4F66B24B04}.Debug|Any CPU.Build.0 = Debug|Any CPU
		{65E11001-492C-46BB-A4E7-DF4F66B24B04}.Release|Any CPU.ActiveCfg = Release|Any CPU
		{65E11001-492C-46BB-A4E7-DF4F66B24B04}.Release|Any CPU.Build.0 = Release|Any CPU
		{D9F8FAB0-7831-4ECF-B5AC-409FC845BD15}.Debug|Any CPU.ActiveCfg = Debug|Any CPU
		{D9F8FAB0-7831-4ECF-B5AC-409FC845BD15}.Debug|Any CPU.Build.0 = Debug|Any CPU
		{D9F8FAB0-7831-4ECF-B5AC-409FC845BD15}.Release|Any CPU.ActiveCfg = Release|Any CPU
		{D9F8FAB0-7831-4ECF-B5AC-409FC845BD15}.Release|Any CPU.Build.0 = Release|Any CPU
		{82F0946A-591A-45B8-B03C-94DCE2FF4ECF}.Debug|Any CPU.ActiveCfg = Debug|Any CPU
		{82F0946A-591A-45B8-B03C-94DCE2FF4ECF}.Debug|Any CPU.Build.0 = Debug|Any CPU
		{82F0946A-591A-45B8-B03C-94DCE2FF4ECF}.Release|Any CPU.ActiveCfg = Release|Any CPU
		{82F0946A-591A-45B8-B03C-94DCE2FF4ECF}.Release|Any CPU.Build.0 = Release|Any CPU
	EndGlobalSection
	GlobalSection(SolutionProperties) = preSolution
		HideSolutionNode = FALSE
	EndGlobalSection
	GlobalSection(ExtensibilityGlobals) = postSolution
		SolutionGuid = {720D38CA-ECDE-4046-BCF3-32DF8337AC5A}
	EndGlobalSection
EndGlobal
